
Microsoft Visual Studio Solution File, Format Version 12.00
# Visual Studio Version 17
VisualStudioVersion = 17.4.33213.308
MinimumVisualStudioVersion = 10.0.40219.1
Project("{FAE04EC0-301F-11D3-BF4B-00C04F79EFBC}") = "test", "test\test.csproj", "{5F5B6FB1-B0E1-407B-8E56-C88D28CF2DF9}"
EndProject
Global
	GlobalSection(SolutionConfigurationPlatforms) = preSolution
		Debug|Any CPU = Debug|Any CPU
		Release|Any CPU = Release|Any CPU
	EndGlobalSection
	GlobalSection(ProjectConfigurationPlatforms) = postSolution
		{5F5B6FB1-B0E1-407B-8E56-C88D28CF2DF9}.Debug|Any CPU.ActiveCfg = Debug|Any CPU
		{5F5B6FB1-B0E1-407B-8E56-C88D28CF2DF9}.Debug|Any CPU.Build.0 = Debug|Any CPU
		{5F5B6FB1-B0E1-407B-8E56-C88D28CF2DF9}.Release|Any CPU.ActiveCfg = Release|Any CPU
		{5F5B6FB1-B0E1-407B-8E56-C88D28CF2DF9}.Release|Any CPU.Build.0 = Release|Any CPU
	EndGlobalSection
	GlobalSection(SolutionProperties) = preSolution
		HideSolutionNode = FALSE
	EndGlobalSection
	GlobalSection(ExtensibilityGlobals) = postSolution
		SolutionGuid = {4893B861-46F4-4809-BEED-B760A8384E7F}
	EndGlobalSection
EndGlobal
